
Microsoft Visual Studio Solution File, Format Version 12.00
# Visual Studio Version 17
VisualStudioVersion = 17.6.33801.468
MinimumVisualStudioVersion = 10.0.40219.1
Project("{FAE04EC0-301F-11D3-BF4B-00C04F79EFBC}") = "Practca7CalculoDeEdad", "Practca7CalculoDeEdad\Practca7CalculoDeEdad.csproj", "{EEB9ECE7-1B87-4FA4-9EF8-820C29856541}"
EndProject
Global
	GlobalSection(SolutionConfigurationPlatforms) = preSolution
		Debug|Any CPU = Debug|Any CPU
		Release|Any CPU = Release|Any CPU
	EndGlobalSection
	GlobalSection(ProjectConfigurationPlatforms) = postSolution
		{EEB9ECE7-1B87-4FA4-9EF8-820C29856541}.Debug|Any CPU.ActiveCfg = Debug|Any CPU
		{EEB9ECE7-1B87-4FA4-9EF8-820C29856541}.Debug|Any CPU.Build.0 = Debug|Any CPU
		{EEB9ECE7-1B87-4FA4-9EF8-820C29856541}.Release|Any CPU.ActiveCfg = Release|Any CPU
		{EEB9ECE7-1B87-4FA4-9EF8-820C29856541}.Release|Any CPU.Build.0 = Release|Any CPU
	EndGlobalSection
	GlobalSection(SolutionProperties) = preSolution
		HideSolutionNode = FALSE
	EndGlobalSection
	GlobalSection(ExtensibilityGlobals) = postSolution
		SolutionGuid = {3022A0C3-DF60-48BF-BD7D-51933846DDE5}
	EndGlobalSection
EndGlobal
